{
  "meteor": {
    "git": "https://github.com/meteor/meteor.git",
    "branch": "master",
    "commit": "f07715dc70de16a7aab84e56ab0c6cbd9c1f9dc6"
  },
  "dependencies": {
    "basePackages": {
      "jquery-ui-core": {
        "path": "../packages/jquery-ui-core"
      },
      "jquery-ui-effect": {
        "path": "../packages/jquery-ui-effect"
      }
    },
    "packages": {
      "jquery-ui-core": {
        "path": "../packages/jquery-ui-core"
      },
      "jquery-ui-effect": {
        "path": "../packages/jquery-ui-effect"
      }
    }
  }
}
